{
  "name": "toxicity",
  "version": "1.0.0",
  "lockfileVersion": 3,
  "requires": true,
  "packages": {
    "": {
      "name": "toxicity",
      "version": "1.0.0",
      "license": "MIT",
      "dependencies": {
        "public-google-sheets-parser": "^1.5.3"
      }
    },
    "node_modules/public-google-sheets-parser": {
      "version": "1.5.3",
      "resolved": "https://registry.npmjs.org/public-google-sheets-parser/-/public-google-sheets-parser-1.5.3.tgz",
      "integrity": "sha512-304V5TBR8SS11wCBJ73AQo1PQVBOEikW2BF9SJ9VsWcQOyLrdAgT+4uWBYVdclTxtYuvlxmSJtYKeAUHDG8WmA=="
    }
  }
}
